
Microsoft Visual Studio Solution File, Format Version 12.00
# Visual Studio Version 17
VisualStudioVersion = 17.13.35931.197
MinimumVisualStudioVersion = 10.0.40219.1
Project("{FAE04EC0-301F-11D3-BF4B-00C04F79EFBC}") = "ComputerStore.API", "ComputerStore.API\ComputerStore.API.csproj", "{50A4235D-93E3-4703-A3D6-520C2409F85E}"
EndProject
Project("{FAE04EC0-301F-11D3-BF4B-00C04F79EFBC}") = "ComputerStore.Domain", "ComputerStore.Domain\ComputerStore.Domain.csproj", "{C4BF0AC7-85E7-44D1-B147-2C1EA651CC2B}"
EndProject
Project("{FAE04EC0-301F-11D3-BF4B-00C04F79EFBC}") = "ComputerStore.Application", "ComputerStore.Application\ComputerStore.Application.csproj", "{DA9ED164-4E85-47E1-9BC3-70C24C639638}"
EndProject
Project("{FAE04EC0-301F-11D3-BF4B-00C04F79EFBC}") = "ComputerStore.Infrastructure", "ComputerStore.Infrastructure\ComputerStore.Infrastructure.csproj", "{2CADF1F1-E2E6-418F-9D72-ECE9007C9E60}"
EndProject
Project("{FAE04EC0-301F-11D3-BF4B-00C04F79EFBC}") = "ComputerStore.Tests", "ComputerStore.Tests\ComputerStore.Tests.csproj", "{09045050-77D3-E7DD-082F-2F730D766921}"
EndProject
Global
	GlobalSection(SolutionConfigurationPlatforms) = preSolution
		Debug|Any CPU = Debug|Any CPU
		Release|Any CPU = Release|Any CPU
	EndGlobalSection
	GlobalSection(ProjectConfigurationPlatforms) = postSolution
		{50A4235D-93E3-4703-A3D6-520C2409F85E}.Debug|Any CPU.ActiveCfg = Debug|Any CPU
		{50A4235D-93E3-4703-A3D6-520C2409F85E}.Debug|Any CPU.Build.0 = Debug|Any CPU
		{50A4235D-93E3-4703-A3D6-520C2409F85E}.Release|Any CPU.ActiveCfg = Release|Any CPU
		{50A4235D-93E3-4703-A3D6-520C2409F85E}.Release|Any CPU.Build.0 = Release|Any CPU
		{C4BF0AC7-85E7-44D1-B147-2C1EA651CC2B}.Debug|Any CPU.ActiveCfg = Debug|Any CPU
		{C4BF0AC7-85E7-44D1-B147-2C1EA651CC2B}.Debug|Any CPU.Build.0 = Debug|Any CPU
		{C4BF0AC7-85E7-44D1-B147-2C1EA651CC2B}.Release|Any CPU.ActiveCfg = Release|Any CPU
		{C4BF0AC7-85E7-44D1-B147-2C1EA651CC2B}.Release|Any CPU.Build.0 = Release|Any CPU
		{DA9ED164-4E85-47E1-9BC3-70C24C639638}.Debug|Any CPU.ActiveCfg = Debug|Any CPU
		{DA9ED164-4E85-47E1-9BC3-70C24C639638}.Debug|Any CPU.Build.0 = Debug|Any CPU
		{DA9ED164-4E85-47E1-9BC3-70C24C639638}.Release|Any CPU.ActiveCfg = Release|Any CPU
		{DA9ED164-4E85-47E1-9BC3-70C24C639638}.Release|Any CPU.Build.0 = Release|Any CPU
		{2CADF1F1-E2E6-418F-9D72-ECE9007C9E60}.Debug|Any CPU.ActiveCfg = Debug|Any CPU
		{2CADF1F1-E2E6-418F-9D72-ECE9007C9E60}.Debug|Any CPU.Build.0 = Debug|Any CPU
		{2CADF1F1-E2E6-418F-9D72-ECE9007C9E60}.Release|Any CPU.ActiveCfg = Release|Any CPU
		{2CADF1F1-E2E6-418F-9D72-ECE9007C9E60}.Release|Any CPU.Build.0 = Release|Any CPU
		{09045050-77D3-E7DD-082F-2F730D766921}.Debug|Any CPU.ActiveCfg = Debug|Any CPU
		{09045050-77D3-E7DD-082F-2F730D766921}.Debug|Any CPU.Build.0 = Debug|Any CPU
		{09045050-77D3-E7DD-082F-2F730D766921}.Release|Any CPU.ActiveCfg = Release|Any CPU
		{09045050-77D3-E7DD-082F-2F730D766921}.Release|Any CPU.Build.0 = Release|Any CPU
	EndGlobalSection
	GlobalSection(SolutionProperties) = preSolution
		HideSolutionNode = FALSE
	EndGlobalSection
	GlobalSection(ExtensibilityGlobals) = postSolution
		SolutionGuid = {209D3FD8-15E7-4BA5-952F-9986888EACC6}
	EndGlobalSection
EndGlobal
